
Microsoft Visual Studio Solution File, Format Version 12.00
# Visual Studio 15
VisualStudioVersion = 15.0.28307.329
MinimumVisualStudioVersion = 10.0.40219.1
Project("{FAE04EC0-301F-11D3-BF4B-00C04F79EFBC}") = "Fegyverarzenal", "Fegyverarzenal\Fegyverarzenal.csproj", "{0D5319F3-7F47-4651-A645-7040E9100CC3}"
EndProject
Global
	GlobalSection(SolutionConfigurationPlatforms) = preSolution
		Debug|Any CPU = Debug|Any CPU
		Release|Any CPU = Release|Any CPU
	EndGlobalSection
	GlobalSection(ProjectConfigurationPlatforms) = postSolution
		{0D5319F3-7F47-4651-A645-7040E9100CC3}.Debug|Any CPU.ActiveCfg = Debug|Any CPU
		{0D5319F3-7F47-4651-A645-7040E9100CC3}.Debug|Any CPU.Build.0 = Debug|Any CPU
		{0D5319F3-7F47-4651-A645-7040E9100CC3}.Release|Any CPU.ActiveCfg = Release|Any CPU
		{0D5319F3-7F47-4651-A645-7040E9100CC3}.Release|Any CPU.Build.0 = Release|Any CPU
	EndGlobalSection
	GlobalSection(SolutionProperties) = preSolution
		HideSolutionNode = FALSE
	EndGlobalSection
	GlobalSection(ExtensibilityGlobals) = postSolution
		SolutionGuid = {8C97F839-3627-487B-AC1A-0C2862BCE566}
	EndGlobalSection
EndGlobal
